
Microsoft Visual Studio Solution File, Format Version 12.00
# Visual Studio Version 17
VisualStudioVersion = 17.2.32616.157
MinimumVisualStudioVersion = 10.0.40219.1
Project("{FAE04EC0-301F-11D3-BF4B-00C04F79EFBC}") = "CalculaJurosCompostos", "CalculaJurosCompostos.csproj", "{B396A9DA-9C34-4B35-B615-3699DE1EC2BE}"
EndProject
Global
	GlobalSection(SolutionConfigurationPlatforms) = preSolution
		Debug|Any CPU = Debug|Any CPU
		Release|Any CPU = Release|Any CPU
	EndGlobalSection
	GlobalSection(ProjectConfigurationPlatforms) = postSolution
		{B396A9DA-9C34-4B35-B615-3699DE1EC2BE}.Debug|Any CPU.ActiveCfg = Debug|Any CPU
		{B396A9DA-9C34-4B35-B615-3699DE1EC2BE}.Debug|Any CPU.Build.0 = Debug|Any CPU
		{B396A9DA-9C34-4B35-B615-3699DE1EC2BE}.Release|Any CPU.ActiveCfg = Release|Any CPU
		{B396A9DA-9C34-4B35-B615-3699DE1EC2BE}.Release|Any CPU.Build.0 = Release|Any CPU
	EndGlobalSection
	GlobalSection(SolutionProperties) = preSolution
		HideSolutionNode = FALSE
	EndGlobalSection
	GlobalSection(ExtensibilityGlobals) = postSolution
		SolutionGuid = {54EDDCF5-BBD8-4FDF-AA79-5FD9143BD9C7}
	EndGlobalSection
EndGlobal
